github.com/pion/logging v0.2.2 h1:M9+AIj/+pxNsDfAT64+MAVgJO0rsyLnoJKCqf//DoeY=
github.com/pion/logging v0.2.2/go.mod h1:k0/tDVsRCX2Mb2ZEmTqNa7CWsQPc+YYCB7Q+5pahoms=
gortc.io/stun v1.21.0 h1:hFUdDaQAlnRcrPcUhwPkV+XJWrY1shDjAPG4f8vu5Hw=
gortc.io/stun v1.21.0/go.mod h1:XD5lpONVyjvV3BgOyJFNo0iv6R2oZB4L+weMqxts+zg=
gortc.io/turn v0.10.0 h1:K+xLxzvTFqIRQCfixAZUMRChmmasZAdn7yJNDl22E+s=
gortc.io/turn v0.10.0/go.mod h1:C5yO0WYgZj1fTGRKRJVyotcdDDdAUyg5MTI7re5cHuI=
