github.com/gortc/turn v0.7.1 h1:+DKoYXx8d2syTplmZ0Q3BaoTKsgClkoUzT2HpoAeK1c=
github.com/gortc/turn v0.7.1/go.mod h1:3FZ+LvCZKCKu6YYgwuYPqEi3FqCtdjfSFnFqVQNwfjk=
github.com/pion/logging v0.2.1 h1:LwASkBKZ+2ysGJ+jLv1E/9H1ge0k1nTfi1X+5zirkDk=
github.com/pion/logging v0.2.1/go.mod h1:k0/tDVsRCX2Mb2ZEmTqNa7CWsQPc+YYCB7Q+5pahoms=
github.com/pion/stun v0.3.0 h1:hKadT0I+ijxKkVXqU+rPHKLt+Sw6dQ8D+HhvuoYMoxQ=
github.com/pion/stun v0.3.0/go.mod h1:xrCld6XM+6GWDZdvjPlLMsTU21rNxnO6UO8XsAvHr/M=
github.com/pkg/errors v0.8.1 h1:iURUrRGxPUNPdy5/HRSm+Yj6okJ6UtLINN0Q9M4+h3I=
github.com/pkg/errors v0.8.1/go.mod h1:bwawxfHBFNV+L2hUp1rHADufV3IMtnDRdf1r5NINEl0=
